
Microsoft Visual Studio Solution File, Format Version 12.00
# Visual Studio Version 17
VisualStudioVersion = 17.9.34607.119
MinimumVisualStudioVersion = 10.0.40219.1
Project("{FAE04EC0-301F-11D3-BF4B-00C04F79EFBC}") = "Todo.Android", "Todo.Android\Todo.Android.csproj", "{CE3C3C66-FE6D-4144-8696-104687AC1C96}"
EndProject
Project("{FAE04EC0-301F-11D3-BF4B-00C04F79EFBC}") = "Todo", "Todo\Todo.csproj", "{B2C0E7DF-0374-4C37-9A76-7C832B0E724B}"
EndProject
Global
	GlobalSection(SolutionConfigurationPlatforms) = preSolution
		Debug|Any CPU = Debug|Any CPU
		Release|Any CPU = Release|Any CPU
	EndGlobalSection
	GlobalSection(ProjectConfigurationPlatforms) = postSolution
		{CE3C3C66-FE6D-4144-8696-104687AC1C96}.Debug|Any CPU.ActiveCfg = Debug|Any CPU
		{CE3C3C66-FE6D-4144-8696-104687AC1C96}.Debug|Any CPU.Build.0 = Debug|Any CPU
		{CE3C3C66-FE6D-4144-8696-104687AC1C96}.Debug|Any CPU.Deploy.0 = Debug|Any CPU
		{CE3C3C66-FE6D-4144-8696-104687AC1C96}.Release|Any CPU.ActiveCfg = Release|Any CPU
		{CE3C3C66-FE6D-4144-8696-104687AC1C96}.Release|Any CPU.Build.0 = Release|Any CPU
		{CE3C3C66-FE6D-4144-8696-104687AC1C96}.Release|Any CPU.Deploy.0 = Release|Any CPU
		{B2C0E7DF-0374-4C37-9A76-7C832B0E724B}.Debug|Any CPU.ActiveCfg = Debug|Any CPU
		{B2C0E7DF-0374-4C37-9A76-7C832B0E724B}.Debug|Any CPU.Build.0 = Debug|Any CPU
		{B2C0E7DF-0374-4C37-9A76-7C832B0E724B}.Debug|Any CPU.Deploy.0 = Debug|Any CPU
		{B2C0E7DF-0374-4C37-9A76-7C832B0E724B}.Release|Any CPU.ActiveCfg = Release|Any CPU
		{B2C0E7DF-0374-4C37-9A76-7C832B0E724B}.Release|Any CPU.Build.0 = Release|Any CPU
		{B2C0E7DF-0374-4C37-9A76-7C832B0E724B}.Release|Any CPU.Deploy.0 = Release|Any CPU
	EndGlobalSection
	GlobalSection(SolutionProperties) = preSolution
		HideSolutionNode = FALSE
	EndGlobalSection
	GlobalSection(ExtensibilityGlobals) = postSolution
		SolutionGuid = {C320600E-955A-40CD-BB8F-1DC29693411F}
	EndGlobalSection
EndGlobal
